{
  "version": 4,
  "terraform_version": "1.12.6",
  "serial": 12,
  "lineage": "71f68130-3c75-a5e8-7a6d-35b2f8e19bfa",
  "outputs": {
    "repository_node_id": {
      "value": "R_kgDOUPeebw",
      "type": "string"
    }
  },
  "resources": [
    {
      "mode": "managed",
      "type": "github_branch_protection",
      "name": "master",
      "provider": "provider[\"registry.opentofu.org/integrations/github\"]",
      "instances": [
        {
          "schema_version": 2,
          "attributes": {
            "allows_deletions": false,
            "allows_force_pushes": false,
            "enforce_admins": false,
            "force_push_bypassers": [],
            "id": "BPR_kwDOUPeeb84E74BT",
            "lock_branch": false,
            "pattern": "master",
            "repository_id": "R_kgDOUPeebw",
            "require_conversation_resolution": true,
            "require_signed_commits": false,
            "required_linear_history": true,
            "required_pull_request_reviews": [
              {
                "dismiss_stale_reviews": false,
                "dismissal_restrictions": [],
                "pull_request_bypassers": [],
                "require_code_owner_reviews": false,
                "require_last_push_approval": false,
                "required_approving_review_count": 0,
                "restrict_dismissals": false
              }
            ],
            "required_status_checks": [
              {
                "contexts": [
                  "CI Success",
                  "preview",
                  "validate-title"
                ],
                "strict": false
              }
            ],
            "restrict_pushes": []
          },
          "sensitive_attributes": [],
          "private": "eyJzY2hlbWFfdmVyc2lvbiI6IjIifQ==",
          "dependencies": [
            "github_repository.this"
          ]
        }
      ]
    },
    {
      "mode": "managed",
      "type": "github_issue_label",
      "name": "bug",
      "provider": "provider[\"registry.opentofu.org/integrations/github\"]",
      "instances": [
        {
          "schema_version": 0,
          "attributes": {
            "color": "d73a4a",
            "description": "Bug report",
            "etag": "\"5dcfbe50ea9f0e62b9966e7f5f3210ddd9affa26cd5846ac083467ee3a4e8fae\"",
            "id": "daily-driver:bug",
            "name": "bug",
            "repository": "daily-driver",
            "url": "https://api.github.com/repos/jmcvetta/daily-driver/labels/bug"
          },
          "sensitive_attributes": [],
          "private": "bnVsbA==",
          "dependencies": [
            "github_repository.this"
          ]
        }
      ]
    },
    {
      "mode": "managed",
      "type": "github_issue_label",
      "name": "epic",
      "provider": "provider[\"registry.opentofu.org/integrations/github\"]",
      "instances": [
        {
          "schema_version": 0,
          "attributes": {
            "color": "5319e7",
            "description": "Coordinates a sequence of other issues",
            "etag": "\"acf99da41426573428e90917793b274faf7f86073e644ec3b6fcab00ca9e59c9\"",
            "id": "daily-driver:epic",
            "name": "epic",
            "repository": "daily-driver",
            "url": "https://api.github.com/repos/jmcvetta/daily-driver/labels/epic"
          },
          "sensitive_attributes": [],
          "private": "bnVsbA==",
          "dependencies": [
            "github_repository.this"
          ]
        }
      ]
    },
    {
      "mode": "managed",
      "type": "github_issue_label",
      "name": "human",
      "provider": "provider[\"registry.opentofu.org/integrations/github\"]",
      "instances": [
        {
          "schema_version": 0,
          "attributes": {
            "color": "006b75",
            "description": "Work only a person can do",
            "etag": "\"6a8be22d13ed44a46d871482cbac158325c60621d8f15e30ffcde8631765a6a2\"",
            "id": "daily-driver:human",
            "name": "human",
            "repository": "daily-driver",
            "url": "https://api.github.com/repos/jmcvetta/daily-driver/labels/human"
          },
          "sensitive_attributes": [],
          "private": "bnVsbA==",
          "dependencies": [
            "github_repository.this"
          ]
        }
      ]
    },
    {
      "mode": "managed",
      "type": "github_issue_label",
      "name": "proposal",
      "provider": "provider[\"registry.opentofu.org/integrations/github\"]",
      "instances": [
        {
          "schema_version": 0,
          "attributes": {
            "color": "1d76db",
            "description": "Proposed feature",
            "etag": "\"d010f9b21770f2643070708138325cfca1b81c5f0b1e13984265a94af83e0b88\"",
            "id": "daily-driver:proposal",
            "name": "proposal",
            "repository": "daily-driver",
            "url": "https://api.github.com/repos/jmcvetta/daily-driver/labels/proposal"
          },
          "sensitive_attributes": [],
          "private": "bnVsbA==",
          "dependencies": [
            "github_repository.this"
          ]
        }
      ]
    },
    {
      "mode": "managed",
      "type": "github_issue_label",
      "name": "research",
      "provider": "provider[\"registry.opentofu.org/integrations/github\"]",
      "instances": [
        {
          "schema_version": 0,
          "attributes": {
            "color": "fbca04",
            "description": "A question to settle",
            "etag": "\"8b92074d51740ea2301163d31d992147a98307454d0df79a59273247ca749d58\"",
            "id": "daily-driver:research",
            "name": "research",
            "repository": "daily-driver",
            "url": "https://api.github.com/repos/jmcvetta/daily-driver/labels/research"
          },
          "sensitive_attributes": [],
          "private": "bnVsbA==",
          "dependencies": [
            "github_repository.this"
          ]
        }
      ]
    },
    {
      "mode": "managed",
      "type": "github_issue_label",
      "name": "story",
      "provider": "provider[\"registry.opentofu.org/integrations/github\"]",
      "instances": [
        {
          "schema_version": 0,
          "attributes": {
            "color": "d4c5f9",
            "description": "A focused piece of work within an epic",
            "etag": "\"17e6719d8cfd25e43f5f28d35352100fbcb7989c1c755011642547b29bd039f8\"",
            "id": "daily-driver:story",
            "name": "story",
            "repository": "daily-driver",
            "url": "https://api.github.com/repos/jmcvetta/daily-driver/labels/story"
          },
          "sensitive_attributes": [],
          "private": "bnVsbA==",
          "dependencies": [
            "github_repository.this"
          ]
        }
      ]
    },
    {
      "mode": "managed",
      "type": "github_issue_label",
      "name": "task",
      "provider": "provider[\"registry.opentofu.org/integrations/github\"]",
      "instances": [
        {
          "schema_version": 0,
          "attributes": {
            "color": "0e8a16",
            "description": "Discrete work, specified and ready for an agent",
            "etag": "\"65d92610bc03de97048cdf40a649ed52b9fee6319f05b3aa7d06c7581a8900c6\"",
            "id": "daily-driver:task",
            "name": "task",
            "repository": "daily-driver",
            "url": "https://api.github.com/repos/jmcvetta/daily-driver/labels/task"
          },
          "sensitive_attributes": [],
          "private": "bnVsbA==",
          "dependencies": [
            "github_repository.this"
          ]
        }
      ]
    },
    {
      "mode": "managed",
      "type": "github_repository",
      "name": "this",
      "provider": "provider[\"registry.opentofu.org/integrations/github\"]",
      "instances": [
        {
          "schema_version": 1,
          "attributes": {
            "allow_auto_merge": true,
            "allow_forking": true,
            "allow_merge_commit": false,
            "allow_rebase_merge": false,
            "allow_squash_merge": true,
            "allow_update_branch": false,
            "archive_on_destroy": null,
            "archived": false,
            "auto_init": false,
            "default_branch": "master",
            "delete_branch_on_merge": true,
            "description": "Daily-driver skills for Claude Code, packaged as a plugin.",
            "etag": "W/\"922de7e993a086beba0a1aae84384420f3d51f71e3456adabad01eec8376366b\"",
            "fork": "false",
            "full_name": "jmcvetta/daily-driver",
            "git_clone_url": "git://github.com/jmcvetta/daily-driver.git",
            "gitignore_template": null,
            "has_discussions": false,
            "has_downloads": false,
            "has_issues": true,
            "has_projects": true,
            "has_wiki": true,
            "homepage_url": "",
            "html_url": "https://github.com/jmcvetta/daily-driver",
            "http_clone_url": "https://github.com/jmcvetta/daily-driver.git",
            "id": "daily-driver",
            "ignore_vulnerability_alerts_during_read": false,
            "is_template": false,
            "license_template": null,
            "merge_commit_message": "PR_TITLE",
            "merge_commit_title": "MERGE_MESSAGE",
            "name": "daily-driver",
            "node_id": "R_kgDOUPeebw",
            "pages": [],
            "primary_language": "Python",
            "private": false,
            "repo_id": 1358405231,
            "security_and_analysis": [
              {
                "advanced_security": [],
                "code_security": [],
                "secret_scanning": [
                  {
                    "status": "enabled"
                  }
                ],
                "secret_scanning_ai_detection": [],
                "secret_scanning_non_provider_patterns": [],
                "secret_scanning_push_protection": [
                  {
                    "status": "enabled"
                  }
                ]
              }
            ],
            "source_owner": "",
            "source_repo": "",
            "squash_merge_commit_message": "PR_BODY",
            "squash_merge_commit_title": "PR_TITLE",
            "ssh_clone_url": "git@github.com:jmcvetta/daily-driver.git",
            "svn_url": "https://github.com/jmcvetta/daily-driver",
            "template": [],
            "topics": [],
            "visibility": "public",
            "vulnerability_alerts": true,
            "web_commit_signoff_required": false
          },
          "sensitive_attributes": [],
          "private": "eyJzY2hlbWFfdmVyc2lvbiI6IjEifQ=="
        }
      ]
    },
    {
      "mode": "managed",
      "type": "github_repository_vulnerability_alerts",
      "name": "this",
      "provider": "provider[\"registry.opentofu.org/integrations/github\"]",
      "instances": [
        {
          "schema_version": 0,
          "attributes": {
            "enabled": true,
            "id": "1358405231",
            "repository": "daily-driver",
            "repository_id": 1358405231
          },
          "sensitive_attributes": [],
          "private": "bnVsbA==",
          "dependencies": [
            "github_repository.this"
          ]
        }
      ]
    },
    {
      "mode": "managed",
      "type": "github_workflow_repository_permissions",
      "name": "this",
      "provider": "provider[\"registry.opentofu.org/integrations/github\"]",
      "instances": [
        {
          "schema_version": 0,
          "attributes": {
            "can_approve_pull_request_reviews": true,
            "default_workflow_permissions": "read",
            "id": "daily-driver",
            "repository": "daily-driver"
          },
          "sensitive_attributes": [],
          "private": "bnVsbA==",
          "dependencies": [
            "github_repository.this"
          ]
        }
      ]
    }
  ],
  "check_results": null
}

